// !$*UTF8*$!
{
	archiveVersion = 1;
	classes = {
	};
	objectVersion = 46;
	objects = {

/* Begin PBXBuildFile section */
		091033CB19CBB529001365E1 /* Foundation.framework in Frameworks */ = {isa = PBXBuildFile; fileRef = 091033CA19CBB529001365E1 /* Foundation.framework */; };
		091033CD19CBB529001365E1 /* CoreGraphics.framework in Frameworks */ = {isa = PBXBuildFile; fileRef = 091033CC19CBB529001365E1 /* CoreGraphics.framework */; };
		091033CF19CBB529001365E1 /* UIKit.framework in Frameworks */ = {isa = PBXBuildFile; fileRef = 091033CE19CBB529001365E1 /* UIKit.framework */; };
		091033D519CBB529001365E1 /* InfoPlist.strings in Resources */ = {isa = PBXBuildFile; fileRef = 091033D319CBB529001365E1 /* InfoPlist.strings */; };
		091033D719CBB529001365E1 /* main.m in Sources */ = {isa = PBXBuildFile; fileRef = 091033D619CBB529001365E1 /* main.m */; };
		091033DB19CBB529001365E1 /* FSysAppDelegate.m in Sources */ = {isa = PBXBuildFile; fileRef = 091033DA19CBB529001365E1 /* FSysAppDelegate.m */; };
		091033DE19CBB529001365E1 /* Main.storyboard in Resources */ = {isa = PBXBuildFile; fileRef = 091033DC19CBB529001365E1 /* Main.storyboard */; };
		091033E119CBB529001365E1 /* FSysViewController.m in Sources */ = {isa = PBXBuildFile; fileRef = 091033E019CBB529001365E1 /* FSysViewController.m */; };
		091033E319CBB529001365E1 /* Images.xcassets in Resources */ = {isa = PBXBuildFile; fileRef = 091033E219CBB529001365E1 /* Images.xcassets */; };
		091033EA19CBB529001365E1 /* XCTest.framework in Frameworks */ = {isa = PBXBuildFile; fileRef = 091033E919CBB529001365E1 /* XCTest.framework */; };
		091033EB19CBB529001365E1 /* Foundation.framework in Frameworks */ = {isa = PBXBuildFile; fileRef = 091033CA19CBB529001365E1 /* Foundation.framework */; };
		091033EC19CBB529001365E1 /* UIKit.framework in Frameworks */ = {isa = PBXBuildFile; fileRef = 091033CE19CBB529001365E1 /* UIKit.framework */; };
		091033F419CBB529001365E1 /* InfoPlist.strings in Resources */ = {isa = PBXBuildFile; fileRef = 091033F219CBB529001365E1 /* InfoPlist.strings */; };
		091033F619CBB529001365E1 /* FileManagTests.m in Sources */ = {isa = PBXBuildFile; fileRef = 091033F519CBB529001365E1 /* FileManagTests.m */; };
		0910340119CC0A18001365E1 /* FSysBlueViewController.m in Sources */ = {isa = PBXBuildFile; fileRef = 0910340019CC0A18001365E1 /* FSysBlueViewController.m */; };
/* End PBXBuildFile section */

/* Begin PBXContainerItemProxy section */
		091033ED19CBB529001365E1 /* PBXContainerItemProxy */ = {
			isa = PBXContainerItemProxy;
			containerPortal = 091033BF19CBB529001365E1 /* Project object */;
			proxyType = 1;
			remoteGlobalIDString = 091033C619CBB529001365E1;
			remoteInfo = FileManag;
		};
/* End PBXContainerItemProxy section */

/* Begin PBXFileReference section */
		091033C719CBB529001365E1 /* FileManag.app */ = {isa = PBXFileReference; explicitFileType = wrapper.application; includeInIndex = 0; path = FileManag.app; sourceTree = BUILT_PRODUCTS_DIR; };
		091033CA19CBB529001365E1 /* Foundation.framework */ = {isa = PBXFileReference; lastKnownFileType = wrapper.framework; name = Foundation.framework; path = System/Library/Frameworks/Foundation.framework; sourceTree = SDKROOT; };
		091033CC19CBB529001365E1 /* CoreGraphics.framework */ = {isa = PBXFileReference; lastKnownFileType = wrapper.framework; name = CoreGraphics.framework; path = System/Library/Frameworks/CoreGraphics.framework; sourceTree = SDKROOT; };
		091033CE19CBB529001365E1 /* UIKit.framework */ = {isa = PBXFileReference; lastKnownFileType = wrapper.framework; name = UIKit.framework; path = System/Library/Frameworks/UIKit.framework; sourceTree = SDKROOT; };
		091033D219CBB529001365E1 /* FileManag-Info.plist */ = {isa = PBXFileReference; lastKnownFileType = text.plist.xml; path = "FileManag-Info.plist"; sourceTree = "<group>"; };
		091033D419CBB529001365E1 /* en */ = {isa = PBXFileReference; lastKnownFileType = text.plist.strings; name = en; path = en.lproj/InfoPlist.strings; sourceTree = "<group>"; };
		091033D619CBB529001365E1 /* main.m */ = {isa = PBXFileReference; lastKnownFileType = sourcecode.c.objc; path = main.m; sourceTree = "<group>"; };
		091033D819CBB529001365E1 /* FileManag-Prefix.pch */ = {isa = PBXFileReference; lastKnownFileType = sourcecode.c.h; path = "FileManag-Prefix.pch"; sourceTree = "<group>"; };
		091033D919CBB529001365E1 /* FSysAppDelegate.h */ = {isa = PBXFileReference; lastKnownFileType = sourcecode.c.h; path = FSysAppDelegate.h; sourceTree = "<group>"; };
		091033DA19CBB529001365E1 /* FSysAppDelegate.m */ = {isa = PBXFileReference; lastKnownFileType = sourcecode.c.objc; path = FSysAppDelegate.m; sourceTree = "<group>"; };
		091033DD19CBB529001365E1 /* Base */ = {isa = PBXFileReference; lastKnownFileType = file.storyboard; name = Base; path = Base.lproj/Main.storyboard; sourceTree = "<group>"; };
		091033DF19CBB529001365E1 /* FSysViewController.h */ = {isa = PBXFileReference; lastKnownFileType = sourcecode.c.h; path = FSysViewController.h; sourceTree = "<group>"; };
		091033E019CBB529001365E1 /* FSysViewController.m */ = {isa = PBXFileReference; lastKnownFileType = sourcecode.c.objc; path = FSysViewController.m; sourceTree = "<group>"; };
		091033E219CBB529001365E1 /* Images.xcassets */ = {isa = PBXFileReference; lastKnownFileType = folder.assetcatalog; path = Images.xcassets; sourceTree = "<group>"; };
		091033E819CBB529001365E1 /* FileManagTests.xctest */ = {isa = PBXFileReference; explicitFileType = wrapper.cfbundle; includeInIndex = 0; path = FileManagTests.xctest; sourceTree = BUILT_PRODUCTS_DIR; };
		091033E919CBB529001365E1 /* XCTest.framework */ = {isa = PBXFileReference; lastKnownFileType = wrapper.framework; name = XCTest.framework; path = Library/Frameworks/XCTest.framework; sourceTree = DEVELOPER_DIR; };
		091033F119CBB529001365E1 /* FileManagTests-Info.plist */ = {isa = PBXFileReference; lastKnownFileType = text.plist.xml; path = "FileManagTests-Info.plist"; sourceTree = "<group>"; };
		091033F319CBB529001365E1 /* en */ = {isa = PBXFileReference; lastKnownFileType = text.plist.strings; name = en; path = en.lproj/InfoPlist.strings; sourceTree = "<group>"; };
		091033F519CBB529001365E1 /* FileManagTests.m */ = {isa = PBXFileReference; lastKnownFileType = sourcecode.c.objc; path = FileManagTests.m; sourceTree = "<group>"; };
		091033FF19CC0A18001365E1 /* FSysBlueViewController.h */ = {isa = PBXFileReference; fileEncoding = 4; lastKnownFileType = sourcecode.c.h; path = FSysBlueViewController.h; sourceTree = "<group>"; };
		0910340019CC0A18001365E1 /* FSysBlueViewController.m */ = {isa = PBXFileReference; fileEncoding = 4; lastKnownFileType = sourcecode.c.objc; path = FSysBlueViewController.m; sourceTree = "<group>"; };
/* End PBXFileReference section */

/* Begin PBXFrameworksBuildPhase section */
		091033C419CBB529001365E1 /* Frameworks */ = {
			isa = PBXFrameworksBuildPhase;
			buildActionMask = 2147483647;
			files = (
				091033CD19CBB529001365E1 /* CoreGraphics.framework in Frameworks */,
				091033CF19CBB529001365E1 /* UIKit.framework in Frameworks */,
				091033CB19CBB529001365E1 /* Foundation.framework in Frameworks */,
			);
			runOnlyForDeploymentPostprocessing = 0;
		};
		091033E519CBB529001365E1 /* Frameworks */ = {
			isa = PBXFrameworksBuildPhase;
			buildActionMask = 2147483647;
			files = (
				091033EA19CBB529001365E1 /* XCTest.framework in Frameworks */,
				091033EC19CBB529001365E1 /* UIKit.framework in Frameworks */,
				091033EB19CBB529001365E1 /* Foundation.framework in Frameworks */,
			);
			runOnlyForDeploymentPostprocessing = 0;
		};
/* End PBXFrameworksBuildPhase section */

/* Begin PBXGroup section */
		091033BE19CBB529001365E1 = {
			isa = PBXGroup;
			children = (
				091033D019CBB529001365E1 /* FileManag */,
				091033EF19CBB529001365E1 /* FileManagTests */,
				091033C919CBB529001365E1 /* Frameworks */,
				091033C819CBB529001365E1 /* Products */,
			);
			sourceTree = "<group>";
		};
		091033C819CBB529001365E1 /* Products */ = {
			isa = PBXGroup;
			children = (
				091033C719CBB529001365E1 /* FileManag.app */,
				091033E819CBB529001365E1 /* FileManagTests.xctest */,
			);
			name = Products;
			sourceTree = "<group>";
		};
		091033C919CBB529001365E1 /* Frameworks */ = {
			isa = PBXGroup;
			children = (
				091033CA19CBB529001365E1 /* Foundation.framework */,
				091033CC19CBB529001365E1 /* CoreGraphics.framework */,
				091033CE19CBB529001365E1 /* UIKit.framework */,
				091033E919CBB529001365E1 /* XCTest.framework */,
			);
			name = Frameworks;
			sourceTree = "<group>";
		};
		091033D019CBB529001365E1 /* FileManag */ = {
			isa = PBXGroup;
			children = (
				091033D919CBB529001365E1 /* FSysAppDelegate.h */,
				091033DA19CBB529001365E1 /* FSysAppDelegate.m */,
				091033DC19CBB529001365E1 /* Main.storyboard */,
				091033DF19CBB529001365E1 /* FSysViewController.h */,
				091033E019CBB529001365E1 /* FSysViewController.m */,
				091033FF19CC0A18001365E1 /* FSysBlueViewController.h */,
				0910340019CC0A18001365E1 /* FSysBlueViewController.m */,
				091033E219CBB529001365E1 /* Images.xcassets */,
				091033D119CBB529001365E1 /* Supporting Files */,
			);
			path = FileManag;
			sourceTree = "<group>";
		};
		091033D119CBB529001365E1 /* Supporting Files */ = {
			isa = PBXGroup;
			children = (
				091033D219CBB529001365E1 /* FileManag-Info.plist */,
				091033D319CBB529001365E1 /* InfoPlist.strings */,
				091033D619CBB529001365E1 /* main.m */,
				091033D819CBB529001365E1 /* FileManag-Prefix.pch */,
			);
			name = "Supporting Files";
			sourceTree = "<group>";
		};
		091033EF19CBB529001365E1 /* FileManagTests */ = {
			isa = PBXGroup;
			children = (
				091033F519CBB529001365E1 /* FileManagTests.m */,
				091033F019CBB529001365E1 /* Supporting Files */,
			);
			path = FileManagTests;
			sourceTree = "<group>";
		};
		091033F019CBB529001365E1 /* Supporting Files */ = {
			isa = PBXGroup;
			children = (
				091033F119CBB529001365E1 /* FileManagTests-Info.plist */,
				091033F219CBB529001365E1 /* InfoPlist.strings */,
			);
			name = "Supporting Files";
			sourceTree = "<group>";
		};
/* End PBXGroup section */

/* Begin PBXNativeTarget section */
		091033C619CBB529001365E1 /* FileManag */ = {
			isa = PBXNativeTarget;
			buildConfigurationList = 091033F919CBB529001365E1 /* Build configuration list for PBXNativeTarget "FileManag" */;
			buildPhases = (
				091033C319CBB529001365E1 /* Sources */,
				091033C419CBB529001365E1 /* Frameworks */,
				091033C519CBB529001365E1 /* Resources */,
			);
			buildRules = (
			);
			dependencies = (
			);
			name = FileManag;
			productName = FileManag;
			productReference = 091033C719CBB529001365E1 /* FileManag.app */;
			productType = "com.apple.product-type.application";
		};
		091033E719CBB529001365E1 /* FileManagTests */ = {
			isa = PBXNativeTarget;
			buildConfigurationList = 091033FC19CBB529001365E1 /* Build configuration list for PBXNativeTarget "FileManagTests" */;
			buildPhases = (
				091033E419CBB529001365E1 /* Sources */,
				091033E519CBB529001365E1 /* Frameworks */,
				091033E619CBB529001365E1 /* Resources */,
			);
			buildRules = (
			);
			dependencies = (
				091033EE19CBB529001365E1 /* PBXTargetDependency */,
			);
			name = FileManagTests;
			productName = FileManagTests;
			productReference = 091033E819CBB529001365E1 /* FileManagTests.xctest */;
			productType = "com.apple.product-type.bundle.unit-test";
		};
/* End PBXNativeTarget section */

/* Begin PBXProject section */
		091033BF19CBB529001365E1 /* Project object */ = {
			isa = PBXProject;
			attributes = {
				CLASSPREFIX = FSys;
				LastUpgradeCheck = 0510;
				ORGANIZATIONNAME = "___FULLUSERNAME___";
				TargetAttributes = {
					091033E719CBB529001365E1 = {
						TestTargetID = 091033C619CBB529001365E1;
					};
				};
			};
			buildConfigurationList = 091033C219CBB529001365E1 /* Build configuration list for PBXProject "FileManag" */;
			compatibilityVersion = "Xcode 3.2";
			developmentRegion = English;
			hasScannedForEncodings = 0;
			knownRegions = (
				en,
				Base,
			);
			mainGroup = 091033BE19CBB529001365E1;
			productRefGroup = 091033C819CBB529001365E1 /* Products */;
			projectDirPath = "";
			projectRoot = "";
			targets = (
				091033C619CBB529001365E1 /* FileManag */,
				091033E719CBB529001365E1 /* FileManagTests */,
			);
		};
/* End PBXProject section */

/* Begin PBXResourcesBuildPhase section */
		091033C519CBB529001365E1 /* Resources */ = {
			isa = PBXResourcesBuildPhase;
			buildActionMask = 2147483647;
			files = (
				091033E319CBB529001365E1 /* Images.xcassets in Resources */,
				091033D519CBB529001365E1 /* InfoPlist.strings in Resources */,
				091033DE19CBB529001365E1 /* Main.storyboard in Resources */,
			);
			runOnlyForDeploymentPostprocessing = 0;
		};
		091033E619CBB529001365E1 /* Resources */ = {
			isa = PBXResourcesBuildPhase;
			buildActionMask = 2147483647;
			files = (
				091033F419CBB529001365E1 /* InfoPlist.strings in Resources */,
			);
			runOnlyForDeploymentPostprocessing = 0;
		};
/* End PBXResourcesBuildPhase section */

/* Begin PBXSourcesBuildPhase section */
		091033C319CBB529001365E1 /* Sources */ = {
			isa = PBXSourcesBuildPhase;
			buildActionMask = 2147483647;
			files = (
				091033D719CBB529001365E1 /* main.m in Sources */,
				091033E119CBB529001365E1 /* FSysViewController.m in Sources */,
				091033DB19CBB529001365E1 /* FSysAppDelegate.m in Sources */,
				0910340119CC0A18001365E1 /* FSysBlueViewController.m in Sources */,
			);
			runOnlyForDeploymentPostprocessing = 0;
		};
		091033E419CBB529001365E1 /* Sources */ = {
			isa = PBXSourcesBuildPhase;
			buildActionMask = 2147483647;
			files = (
				091033F619CBB529001365E1 /* FileManagTests.m in Sources */,
			);
			runOnlyForDeploymentPostprocessing = 0;
		};
/* End PBXSourcesBuildPhase section */

/* Begin PBXTargetDependency section */
		091033EE19CBB529001365E1 /* PBXTargetDependency */ = {
			isa = PBXTargetDependency;
			target = 091033C619CBB529001365E1 /* FileManag */;
			targetProxy = 091033ED19CBB529001365E1 /* PBXContainerItemProxy */;
		};
/* End PBXTargetDependency section */

/* Begin PBXVariantGroup section */
		091033D319CBB529001365E1 /* InfoPlist.strings */ = {
			isa = PBXVariantGroup;
			children = (
				091033D419CBB529001365E1 /* en */,
			);
			name = InfoPlist.strings;
			sourceTree = "<group>";
		};
		091033DC19CBB529001365E1 /* Main.storyboard */ = {
			isa = PBXVariantGroup;
			children = (
				091033DD19CBB529001365E1 /* Base */,
			);
			name = Main.storyboard;
			sourceTree = "<group>";
		};
		091033F219CBB529001365E1 /* InfoPlist.strings */ = {
			isa = PBXVariantGroup;
			children = (
				091033F319CBB529001365E1 /* en */,
			);
			name = InfoPlist.strings;
			sourceTree = "<group>";
		};
/* End PBXVariantGroup section */

/* Begin XCBuildConfiguration section */
		091033F719CBB529001365E1 /* Debug */ = {
			isa = XCBuildConfiguration;
			buildSettings = {
				ALWAYS_SEARCH_USER_PATHS = NO;
				CLANG_CXX_LANGUAGE_STANDARD = "gnu++0x";
				CLANG_CXX_LIBRARY = "libc++";
				CLANG_ENABLE_MODULES = YES;
				CLANG_ENABLE_OBJC_ARC = YES;
				CLANG_WARN_BOOL_CONVERSION = YES;
				CLANG_WARN_CONSTANT_CONVERSION = YES;
				CLANG_WARN_DIRECT_OBJC_ISA_USAGE = YES_ERROR;
				CLANG_WARN_EMPTY_BODY = YES;
				CLANG_WARN_ENUM_CONVERSION = YES;
				CLANG_WARN_INT_CONVERSION = YES;
				CLANG_WARN_OBJC_ROOT_CLASS = YES_ERROR;
				CLANG_WARN__DUPLICATE_METHOD_MATCH = YES;
				"CODE_SIGN_IDENTITY[sdk=iphoneos*]" = "iPhone Developer";
				COPY_PHASE_STRIP = NO;
				GCC_C_LANGUAGE_STANDARD = gnu99;
				GCC_DYNAMIC_NO_PIC = NO;
				GCC_OPTIMIZATION_LEVEL = 0;
				GCC_PREPROCESSOR_DEFINITIONS = (
					"DEBUG=1",
					"$(inherited)",
				);
				GCC_SYMBOLS_PRIVATE_EXTERN = NO;
				GCC_WARN_64_TO_32_BIT_CONVERSION = YES;
				GCC_WARN_ABOUT_RETURN_TYPE = YES_ERROR;
				GCC_WARN_UNDECLARED_SELECTOR = YES;
				GCC_WARN_UNINITIALIZED_AUTOS = YES_AGGRESSIVE;
				GCC_WARN_UNUSED_FUNCTION = YES;
				GCC_WARN_UNUSED_VARIABLE = YES;
				IPHONEOS_DEPLOYMENT_TARGET = 7.1;
				ONLY_ACTIVE_ARCH = YES;
				SDKROOT = iphoneos;
			};
			name = Debug;
		};
		091033F819CBB529001365E1 /* Release */ = {
			isa = XCBuildConfiguration;
			buildSettings = {
				ALWAYS_SEARCH_USER_PATHS = NO;
				CLANG_CXX_LANGUAGE_STANDARD = "gnu++0x";
				CLANG_CXX_LIBRARY = "libc++";
				CLANG_ENABLE_MODULES = YES;
				CLANG_ENABLE_OBJC_ARC = YES;
				CLANG_WARN_BOOL_CONVERSION = YES;
				CLANG_WARN_CONSTANT_CONVERSION = YES;
				CLANG_WARN_DIRECT_OBJC_ISA_USAGE = YES_ERROR;
				CLANG_WARN_EMPTY_BODY = YES;
				CLANG_WARN_ENUM_CONVERSION = YES;
				CLANG_WARN_INT_CONVERSION = YES;
				CLANG_WARN_OBJC_ROOT_CLASS = YES_ERROR;
				CLANG_WARN__DUPLICATE_METHOD_MATCH = YES;
				"CODE_SIGN_IDENTITY[sdk=iphoneos*]" = "iPhone Developer";
				COPY_PHASE_STRIP = YES;
				ENABLE_NS_ASSERTIONS = NO;
				GCC_C_LANGUAGE_STANDARD = gnu99;
				GCC_WARN_64_TO_32_BIT_CONVERSION = YES;
				GCC_WARN_ABOUT_RETURN_TYPE = YES_ERROR;
				GCC_WARN_UNDECLARED_SELECTOR = YES;
				GCC_WARN_UNINITIALIZED_AUTOS = YES_AGGRESSIVE;
				GCC_WARN_UNUSED_FUNCTION = YES;
				GCC_WARN_UNUSED_VARIABLE = YES;
				IPHONEOS_DEPLOYMENT_TARGET = 7.1;
				SDKROOT = iphoneos;
				VALIDATE_PRODUCT = YES;
			};
			name = Release;
		};
		091033FA19CBB529001365E1 /* Debug */ = {
			isa = XCBuildConfiguration;
			buildSettings = {
				ASSETCATALOG_COMPILER_APPICON_NAME = AppIcon;
				ASSETCATALOG_COMPILER_LAUNCHIMAGE_NAME = LaunchImage;
				GCC_PRECOMPILE_PREFIX_HEADER = YES;
				GCC_PREFIX_HEADER = "FileManag/FileManag-Prefix.pch";
				INFOPLIST_FILE = "FileManag/FileManag-Info.plist";
				PRODUCT_NAME = "$(TARGET_NAME)";
				WRAPPER_EXTENSION = app;
			};
			name = Debug;
		};
		091033FB19CBB529001365E1 /* Release */ = {
			isa = XCBuildConfiguration;
			buildSettings = {
				ASSETCATALOG_COMPILER_APPICON_NAME = AppIcon;
				ASSETCATALOG_COMPILER_LAUNCHIMAGE_NAME = LaunchImage;
				GCC_PRECOMPILE_PREFIX_HEADER = YES;
				GCC_PREFIX_HEADER = "FileManag/FileManag-Prefix.pch";
				INFOPLIST_FILE = "FileManag/FileManag-Info.plist";
				PRODUCT_NAME = "$(TARGET_NAME)";
				WRAPPER_EXTENSION = app;
			};
			name = Release;
		};
		091033FD19CBB529001365E1 /* Debug */ = {
			isa = XCBuildConfiguration;
			buildSettings = {
				BUNDLE_LOADER = "$(BUILT_PRODUCTS_DIR)/FileManag.app/FileManag";
				FRAMEWORK_SEARCH_PATHS = (
					"$(SDKROOT)/Developer/Library/Frameworks",
					"$(inherited)",
					"$(DEVELOPER_FRAMEWORKS_DIR)",
				);
				GCC_PRECOMPILE_PREFIX_HEADER = YES;
				GCC_PREFIX_HEADER = "FileManag/FileManag-Prefix.pch";
				GCC_PREPROCESSOR_DEFINITIONS = (
					"DEBUG=1",
					"$(inherited)",
				);
				INFOPLIST_FILE = "FileManagTests/FileManagTests-Info.plist";
				PRODUCT_NAME = "$(TARGET_NAME)";
				TEST_HOST = "$(BUNDLE_LOADER)";
				WRAPPER_EXTENSION = xctest;
			};
			name = Debug;
		};
		091033FE19CBB529001365E1 /* Release */ = {
			isa = XCBuildConfiguration;
			buildSettings = {
				BUNDLE_LOADER = "$(BUILT_PRODUCTS_DIR)/FileManag.app/FileManag";
				FRAMEWORK_SEARCH_PATHS = (
					"$(SDKROOT)/Developer/Library/Frameworks",
					"$(inherited)",
					"$(DEVELOPER_FRAMEWORKS_DIR)",
				);
				GCC_PRECOMPILE_PREFIX_HEADER = YES;
				GCC_PREFIX_HEADER = "FileManag/FileManag-Prefix.pch";
				INFOPLIST_FILE = "FileManagTests/FileManagTests-Info.plist";
				PRODUCT_NAME = "$(TARGET_NAME)";
				TEST_HOST = "$(BUNDLE_LOADER)";
				WRAPPER_EXTENSION = xctest;
			};
			name = Release;
		};
/* End XCBuildConfiguration section */

/* Begin XCConfigurationList section */
		091033C219CBB529001365E1 /* Build configuration list for PBXProject "FileManag" */ = {
			isa = XCConfigurationList;
			buildConfigurations = (
				091033F719CBB529001365E1 /* Debug */,
				091033F819CBB529001365E1 /* Release */,
			);
			defaultConfigurationIsVisible = 0;
			defaultConfigurationName = Release;
		};
		091033F919CBB529001365E1 /* Build configuration list for PBXNativeTarget "FileManag" */ = {
			isa = XCConfigurationList;
			buildConfigurations = (
				091033FA19CBB529001365E1 /* Debug */,
				091033FB19CBB529001365E1 /* Release */,
			);
			defaultConfigurationIsVisible = 0;
		};
		091033FC19CBB529001365E1 /* Build configuration list for PBXNativeTarget "FileManagTests" */ = {
			isa = XCConfigurationList;
			buildConfigurations = (
				091033FD19CBB529001365E1 /* Debug */,
				091033FE19CBB529001365E1 /* Release */,
			);
			defaultConfigurationIsVisible = 0;
		};
/* End XCConfigurationList section */
	};
	rootObject = 091033BF19CBB529001365E1 /* Project object */;
}
